
Microsoft Visual Studio Solution File, Format Version 12.00
# Visual Studio Version 16
VisualStudioVersion = 16.0.29509.3
MinimumVisualStudioVersion = 10.0.40219.1
Project("{FAE04EC0-301F-11D3-BF4B-00C04F79EFBC}") = "EncryptDecryptRequest", "EncryptDecryptRequest\EncryptDecryptRequest.csproj", "{B2A53599-E406-4A98-A8B0-FE24B360888F}"
EndProject
Global
	GlobalSection(SolutionConfigurationPlatforms) = preSolution
		Debug|Any CPU = Debug|Any CPU
		Release|Any CPU = Release|Any CPU
	EndGlobalSection
	GlobalSection(ProjectConfigurationPlatforms) = postSolution
		{B2A53599-E406-4A98-A8B0-FE24B360888F}.Debug|Any CPU.ActiveCfg = Debug|Any CPU
		{B2A53599-E406-4A98-A8B0-FE24B360888F}.Debug|Any CPU.Build.0 = Debug|Any CPU
		{B2A53599-E406-4A98-A8B0-FE24B360888F}.Release|Any CPU.ActiveCfg = Release|Any CPU
		{B2A53599-E406-4A98-A8B0-FE24B360888F}.Release|Any CPU.Build.0 = Release|Any CPU
	EndGlobalSection
	GlobalSection(SolutionProperties) = preSolution
		HideSolutionNode = FALSE
	EndGlobalSection
	GlobalSection(ExtensibilityGlobals) = postSolution
		SolutionGuid = {7F5B9E59-B88A-4F2B-8B05-4F03865A24C3}
	EndGlobalSection
EndGlobal
